
Microsoft Visual Studio Solution File, Format Version 12.00
Project("{FAE04EC0-301F-11D3-BF4B-00C04F79EFBC}") = "FileExtensionChanger", "FileExtensionChanger\FileExtensionChanger.csproj", "{F11370A6-C3CE-469A-9889-A2FD731B9A79}"
EndProject
Global
	GlobalSection(SolutionConfigurationPlatforms) = preSolution
		Debug|Any CPU = Debug|Any CPU
		Release|Any CPU = Release|Any CPU
	EndGlobalSection
	GlobalSection(ProjectConfigurationPlatforms) = postSolution
		{F11370A6-C3CE-469A-9889-A2FD731B9A79}.Debug|Any CPU.ActiveCfg = Debug|Any CPU
		{F11370A6-C3CE-469A-9889-A2FD731B9A79}.Debug|Any CPU.Build.0 = Debug|Any CPU
		{F11370A6-C3CE-469A-9889-A2FD731B9A79}.Release|Any CPU.ActiveCfg = Release|Any CPU
		{F11370A6-C3CE-469A-9889-A2FD731B9A79}.Release|Any CPU.Build.0 = Release|Any CPU
	EndGlobalSection
EndGlobal
